
Microsoft Visual Studio Solution File, Format Version 12.00
# Visual Studio Version 16
VisualStudioVersion = 16.0.30611.23
MinimumVisualStudioVersion = 10.0.40219.1
Project("{FAE04EC0-301F-11D3-BF4B-00C04F79EFBC}") = "BettaPinguis", "BettaPinguis\BettaPinguis.csproj", "{2168F9AF-D367-4D3D-9AF5-68211D722667}"
EndProject
Global
	GlobalSection(SolutionConfigurationPlatforms) = preSolution
		Debug|Any CPU = Debug|Any CPU
		Release|Any CPU = Release|Any CPU
	EndGlobalSection
	GlobalSection(ProjectConfigurationPlatforms) = postSolution
		{2168F9AF-D367-4D3D-9AF5-68211D722667}.Debug|Any CPU.ActiveCfg = Debug|Any CPU
		{2168F9AF-D367-4D3D-9AF5-68211D722667}.Debug|Any CPU.Build.0 = Debug|Any CPU
		{2168F9AF-D367-4D3D-9AF5-68211D722667}.Release|Any CPU.ActiveCfg = Release|Any CPU
		{2168F9AF-D367-4D3D-9AF5-68211D722667}.Release|Any CPU.Build.0 = Release|Any CPU
	EndGlobalSection
	GlobalSection(SolutionProperties) = preSolution
		HideSolutionNode = FALSE
	EndGlobalSection
	GlobalSection(ExtensibilityGlobals) = postSolution
		SolutionGuid = {97A55550-47D7-4F4F-B391-E0DBBAB2CCF9}
	EndGlobalSection
EndGlobal
